
Microsoft Visual Studio Solution File, Format Version 12.00
# Visual Studio Version 17
VisualStudioVersion = 17.8.34330.188
MinimumVisualStudioVersion = 10.0.40219.1
Project("{FAE04EC0-301F-11D3-BF4B-00C04F79EFBC}") = "database", "database.csproj", "{330CE6DF-BD69-483E-8284-3DBC9E3DBE17}"
EndProject
Global
	GlobalSection(SolutionConfigurationPlatforms) = preSolution
		Debug|Any CPU = Debug|Any CPU
		Release|Any CPU = Release|Any CPU
	EndGlobalSection
	GlobalSection(ProjectConfigurationPlatforms) = postSolution
		{330CE6DF-BD69-483E-8284-3DBC9E3DBE17}.Debug|Any CPU.ActiveCfg = Debug|Any CPU
		{330CE6DF-BD69-483E-8284-3DBC9E3DBE17}.Debug|Any CPU.Build.0 = Debug|Any CPU
		{330CE6DF-BD69-483E-8284-3DBC9E3DBE17}.Release|Any CPU.ActiveCfg = Release|Any CPU
		{330CE6DF-BD69-483E-8284-3DBC9E3DBE17}.Release|Any CPU.Build.0 = Release|Any CPU
	EndGlobalSection
	GlobalSection(SolutionProperties) = preSolution
		HideSolutionNode = FALSE
	EndGlobalSection
	GlobalSection(ExtensibilityGlobals) = postSolution
		SolutionGuid = {0DA24D48-A7B5-43BF-A126-3C2A5B3A1105}
	EndGlobalSection
EndGlobal
